
Microsoft Visual Studio Solution File, Format Version 12.00
# Visual Studio 15
VisualStudioVersion = 15.0.27130.2003
MinimumVisualStudioVersion = 10.0.40219.1
Project("{888888A0-9F3D-457C-B088-3A5042F75D52}") = "MaltiAgentSim", "MaltiAgentSim\MaltiAgentSim.pyproj", "{6E154DD4-8E55-49AC-A268-6E2F9F38DD16}"
EndProject
Global
	GlobalSection(SolutionConfigurationPlatforms) = preSolution
		Debug|Any CPU = Debug|Any CPU
		Release|Any CPU = Release|Any CPU
	EndGlobalSection
	GlobalSection(ProjectConfigurationPlatforms) = postSolution
		{6E154DD4-8E55-49AC-A268-6E2F9F38DD16}.Debug|Any CPU.ActiveCfg = Debug|Any CPU
		{6E154DD4-8E55-49AC-A268-6E2F9F38DD16}.Release|Any CPU.ActiveCfg = Release|Any CPU
	EndGlobalSection
	GlobalSection(SolutionProperties) = preSolution
		HideSolutionNode = FALSE
	EndGlobalSection
	GlobalSection(ExtensibilityGlobals) = postSolution
		SolutionGuid = {EDF882D5-BE3D-48E2-9D5C-8C1982B0AF85}
	EndGlobalSection
EndGlobal
